{
  "name": "ERC721AStaking",
  "lockfileVersion": 2,
  "requires": true,
  "packages": {
    "": {
      "dependencies": {
        "@openzeppelin/contracts": "^4.8.0",
        "erc721a": "github:chiru-labs/ERC721A#main"
      }
    },
    "node_modules/@openzeppelin/contracts": {
      "version": "4.8.0",
      "resolved": "https://registry.npmjs.org/@openzeppelin/contracts/-/contracts-4.8.0.tgz",
      "integrity": "sha512-AGuwhRRL+NaKx73WKRNzeCxOCOCxpaqF+kp8TJ89QzAipSwZy/NoflkWaL9bywXFRhIzXt8j38sfF7KBKCPWLw=="
    },
    "node_modules/erc721a": {
      "version": "4.2.3",
      "resolved": "git+ssh://git@github.com/chiru-labs/ERC721A.git#65f875af87c925e1717d753ed3823fe2ec4f1cc2",
      "license": "ISC"
    }
  },
  "dependencies": {
    "@openzeppelin/contracts": {
      "version": "4.8.0",
      "resolved": "https://registry.npmjs.org/@openzeppelin/contracts/-/contracts-4.8.0.tgz",
      "integrity": "sha512-AGuwhRRL+NaKx73WKRNzeCxOCOCxpaqF+kp8TJ89QzAipSwZy/NoflkWaL9bywXFRhIzXt8j38sfF7KBKCPWLw=="
    },
    "erc721a": {
      "version": "git+ssh://git@github.com/chiru-labs/ERC721A.git#65f875af87c925e1717d753ed3823fe2ec4f1cc2",
      "from": "erc721a@https://github.com/chiru-labs/ERC721A/tree/main/contracts"
    }
  }
}
